
Microsoft Visual Studio Solution File, Format Version 12.00
# Visual Studio 15
Project("{FAE04EC0-301F-11D3-BF4B-00C04F79EFBC}") = "Assembly-CSharp", "Assembly-CSharp.csproj", "{9BBD604B-0DA1-CBC1-8E86-54EA2B055DF9}"
EndProject
Project("{FAE04EC0-301F-11D3-BF4B-00C04F79EFBC}") = "Assembly-CSharp-Editor", "Assembly-CSharp-Editor.csproj", "{06F0CA9B-05BA-C5C8-468E-119B3E5E567F}"
EndProject
Global
	GlobalSection(SolutionConfigurationPlatforms) = preSolution
		Debug|Any CPU = Debug|Any CPU
		Release|Any CPU = Release|Any CPU
	EndGlobalSection
	GlobalSection(ProjectConfigurationPlatforms) = postSolution
		{9BBD604B-0DA1-CBC1-8E86-54EA2B055DF9}.Debug|Any CPU.ActiveCfg = Debug|Any CPU
		{9BBD604B-0DA1-CBC1-8E86-54EA2B055DF9}.Debug|Any CPU.Build.0 = Debug|Any CPU
		{9BBD604B-0DA1-CBC1-8E86-54EA2B055DF9}.Release|Any CPU.ActiveCfg = Release|Any CPU
		{9BBD604B-0DA1-CBC1-8E86-54EA2B055DF9}.Release|Any CPU.Build.0 = Release|Any CPU
		{06F0CA9B-05BA-C5C8-468E-119B3E5E567F}.Debug|Any CPU.ActiveCfg = Debug|Any CPU
		{06F0CA9B-05BA-C5C8-468E-119B3E5E567F}.Debug|Any CPU.Build.0 = Debug|Any CPU
		{06F0CA9B-05BA-C5C8-468E-119B3E5E567F}.Release|Any CPU.ActiveCfg = Release|Any CPU
		{06F0CA9B-05BA-C5C8-468E-119B3E5E567F}.Release|Any CPU.Build.0 = Release|Any CPU
	EndGlobalSection
	GlobalSection(SolutionProperties) = preSolution
		HideSolutionNode = FALSE
	EndGlobalSection
EndGlobal
